
Microsoft Visual Studio Solution File, Format Version 12.00
# Visual Studio Version 17
VisualStudioVersion = 17.13.35931.197
MinimumVisualStudioVersion = 10.0.40219.1
Project("{FAE04EC0-301F-11D3-BF4B-00C04F79EFBC}") = "ServiApp.BD", "ServiApp.BD\ServiApp.BD.csproj", "{32C09819-A4CF-8E0F-BC28-FA40BE73996B}"
EndProject
Project("{FAE04EC0-301F-11D3-BF4B-00C04F79EFBC}") = "ServiApp.Repositorio", "ServiApp.Repositorio\ServiApp.Repositorio.csproj", "{D52167CA-55F7-5064-2589-9A5FDD2DFAFF}"
EndProject
Project("{FAE04EC0-301F-11D3-BF4B-00C04F79EFBC}") = "ServiApp.Server", "ServiApp.Server\ServiApp.Server\ServiApp.Server.csproj", "{BF67239F-F1CC-FC77-0C04-08A0A706A4A0}"
EndProject
Project("{FAE04EC0-301F-11D3-BF4B-00C04F79EFBC}") = "ServiApp.Server.Client", "ServiApp.Server\ServiApp.Server.Client\ServiApp.Server.Client.csproj", "{749D1908-D694-98A9-45C5-6F435C9B31B2}"
EndProject
Project("{FAE04EC0-301F-11D3-BF4B-00C04F79EFBC}") = "ServiApp.Shared", "ServiApp.Shared\ServiApp.Shared.csproj", "{C6EE163E-DE3C-4A26-5A1E-05F49A8F90E0}"
EndProject
Project("{FAE04EC0-301F-11D3-BF4B-00C04F79EFBC}") = "ServiApp.Servicio", "ServiApp.Servicio\ServiApp.Servicio.csproj", "{7C274AF5-3582-49B4-9C4A-98126A02312B}"
EndProject
Global
	GlobalSection(SolutionConfigurationPlatforms) = preSolution
		Debug|Any CPU = Debug|Any CPU
		Release|Any CPU = Release|Any CPU
	EndGlobalSection
	GlobalSection(ProjectConfigurationPlatforms) = postSolution
		{32C09819-A4CF-8E0F-BC28-FA40BE73996B}.Debug|Any CPU.ActiveCfg = Debug|Any CPU
		{32C09819-A4CF-8E0F-BC28-FA40BE73996B}.Debug|Any CPU.Build.0 = Debug|Any CPU
		{32C09819-A4CF-8E0F-BC28-FA40BE73996B}.Release|Any CPU.ActiveCfg = Release|Any CPU
		{32C09819-A4CF-8E0F-BC28-FA40BE73996B}.Release|Any CPU.Build.0 = Release|Any CPU
		{D52167CA-55F7-5064-2589-9A5FDD2DFAFF}.Debug|Any CPU.ActiveCfg = Debug|Any CPU
		{D52167CA-55F7-5064-2589-9A5FDD2DFAFF}.Debug|Any CPU.Build.0 = Debug|Any CPU
		{D52167CA-55F7-5064-2589-9A5FDD2DFAFF}.Release|Any CPU.ActiveCfg = Release|Any CPU
		{D52167CA-55F7-5064-2589-9A5FDD2DFAFF}.Release|Any CPU.Build.0 = Release|Any CPU
		{BF67239F-F1CC-FC77-0C04-08A0A706A4A0}.Debug|Any CPU.ActiveCfg = Debug|Any CPU
		{BF67239F-F1CC-FC77-0C04-08A0A706A4A0}.Debug|Any CPU.Build.0 = Debug|Any CPU
		{BF67239F-F1CC-FC77-0C04-08A0A706A4A0}.Release|Any CPU.ActiveCfg = Release|Any CPU
		{BF67239F-F1CC-FC77-0C04-08A0A706A4A0}.Release|Any CPU.Build.0 = Release|Any CPU
		{749D1908-D694-98A9-45C5-6F435C9B31B2}.Debug|Any CPU.ActiveCfg = Debug|Any CPU
		{749D1908-D694-98A9-45C5-6F435C9B31B2}.Debug|Any CPU.Build.0 = Debug|Any CPU
		{749D1908-D694-98A9-45C5-6F435C9B31B2}.Release|Any CPU.ActiveCfg = Release|Any CPU
		{749D1908-D694-98A9-45C5-6F435C9B31B2}.Release|Any CPU.Build.0 = Release|Any CPU
		{C6EE163E-DE3C-4A26-5A1E-05F49A8F90E0}.Debug|Any CPU.ActiveCfg = Debug|Any CPU
		{C6EE163E-DE3C-4A26-5A1E-05F49A8F90E0}.Debug|Any CPU.Build.0 = Debug|Any CPU
		{C6EE163E-DE3C-4A26-5A1E-05F49A8F90E0}.Release|Any CPU.ActiveCfg = Release|Any CPU
		{C6EE163E-DE3C-4A26-5A1E-05F49A8F90E0}.Release|Any CPU.Build.0 = Release|Any CPU
		{7C274AF5-3582-49B4-9C4A-98126A02312B}.Debug|Any CPU.ActiveCfg = Debug|Any CPU
		{7C274AF5-3582-49B4-9C4A-98126A02312B}.Debug|Any CPU.Build.0 = Debug|Any CPU
		{7C274AF5-3582-49B4-9C4A-98126A02312B}.Release|Any CPU.ActiveCfg = Release|Any CPU
		{7C274AF5-3582-49B4-9C4A-98126A02312B}.Release|Any CPU.Build.0 = Release|Any CPU
	EndGlobalSection
	GlobalSection(SolutionProperties) = preSolution
		HideSolutionNode = FALSE
	EndGlobalSection
	GlobalSection(ExtensibilityGlobals) = postSolution
		SolutionGuid = {2CD53EE8-2E51-4026-9DDA-E8778CBD48CC}
	EndGlobalSection
EndGlobal
